// !$*UTF8*$!
{
	archiveVersion = 1;
	classes = {
	};
	objectVersion = 56;
	objects = {

/* Begin PBXBuildFile section */
		631063E52A46BB7F0037ACE9 /* AppDelegate.swift in Sources */ = {isa = PBXBuildFile; fileRef = 631063E42A46BB7F0037ACE9 /* AppDelegate.swift */; };
		631063E92A46BB7F0037ACE9 /* ViewController.swift in Sources */ = {isa = PBXBuildFile; fileRef = 631063E82A46BB7F0037ACE9 /* ViewController.swift */; };
		631063EE2A46BB800037ACE9 /* Assets.xcassets in Resources */ = {isa = PBXBuildFile; fileRef = 631063ED2A46BB800037ACE9 /* Assets.xcassets */; };
		631063F12A46BB800037ACE9 /* LaunchScreen.storyboard in Resources */ = {isa = PBXBuildFile; fileRef = 631063EF2A46BB800037ACE9 /* LaunchScreen.storyboard */; };
		631063FA2A46BDFB0037ACE9 /* StackViewOptions.swift in Sources */ = {isa = PBXBuildFile; fileRef = 631063F92A46BDFB0037ACE9 /* StackViewOptions.swift */; };
		631063FC2A46BE7C0037ACE9 /* StackView.swift in Sources */ = {isa = PBXBuildFile; fileRef = 631063FB2A46BE7C0037ACE9 /* StackView.swift */; };
		631063FE2A46BEBE0037ACE9 /* MainView.swift in Sources */ = {isa = PBXBuildFile; fileRef = 631063FD2A46BEBE0037ACE9 /* MainView.swift */; };
		631064002A46C1220037ACE9 /* DataService.swift in Sources */ = {isa = PBXBuildFile; fileRef = 631063FF2A46C1220037ACE9 /* DataService.swift */; };
		631064032A46E2B60037ACE9 /* CurrencyModel.swift in Sources */ = {isa = PBXBuildFile; fileRef = 631064022A46E2B60037ACE9 /* CurrencyModel.swift */; };
		631064052A46E3590037ACE9 /* ExchangeRates.swift in Sources */ = {isa = PBXBuildFile; fileRef = 631064042A46E3590037ACE9 /* ExchangeRates.swift */; };
		631064082A471F8D0037ACE9 /* ViewModel.swift in Sources */ = {isa = PBXBuildFile; fileRef = 631064072A471F8D0037ACE9 /* ViewModel.swift */; };
		631064242A48884F0037ACE9 /* UIEdgeInsets+Extension.swift in Sources */ = {isa = PBXBuildFile; fileRef = 631064232A48884F0037ACE9 /* UIEdgeInsets+Extension.swift */; };
		631064262A4933030037ACE9 /* ThenExtension.swift in Sources */ = {isa = PBXBuildFile; fileRef = 631064252A4933030037ACE9 /* ThenExtension.swift */; };
		631064282A49372A0037ACE9 /* AmountField.swift in Sources */ = {isa = PBXBuildFile; fileRef = 631064272A49372A0037ACE9 /* AmountField.swift */; };
		63E2F6AD2A4A875E007DC1E7 /* UIView+Embed_Extension.swift in Sources */ = {isa = PBXBuildFile; fileRef = 63E2F6AC2A4A875E007DC1E7 /* UIView+Embed_Extension.swift */; };
		63E2F6AF2A4A877C007DC1E7 /* NSLayoutConstraint_Extension.swift in Sources */ = {isa = PBXBuildFile; fileRef = 63E2F6AE2A4A877C007DC1E7 /* NSLayoutConstraint_Extension.swift */; };
		63E2F6B12A4AA677007DC1E7 /* CurrencyField.swift in Sources */ = {isa = PBXBuildFile; fileRef = 63E2F6B02A4AA677007DC1E7 /* CurrencyField.swift */; };
		63E2F6B32A4ABB90007DC1E7 /* UIApplication_Extension.swift in Sources */ = {isa = PBXBuildFile; fileRef = 63E2F6B22A4ABB90007DC1E7 /* UIApplication_Extension.swift */; };
		63E2F6B52A4AE7DB007DC1E7 /* NumberFormatter_Extension.swift in Sources */ = {isa = PBXBuildFile; fileRef = 63E2F6B42A4AE7DB007DC1E7 /* NumberFormatter_Extension.swift */; };
/* End PBXBuildFile section */

/* Begin PBXFileReference section */
		631063E12A46BB7F0037ACE9 /* Anor Bank Test.app */ = {isa = PBXFileReference; explicitFileType = wrapper.application; includeInIndex = 0; path = "Anor Bank Test.app"; sourceTree = BUILT_PRODUCTS_DIR; };
		631063E42A46BB7F0037ACE9 /* AppDelegate.swift */ = {isa = PBXFileReference; lastKnownFileType = sourcecode.swift; path = AppDelegate.swift; sourceTree = "<group>"; };
		631063E82A46BB7F0037ACE9 /* ViewController.swift */ = {isa = PBXFileReference; lastKnownFileType = sourcecode.swift; path = ViewController.swift; sourceTree = "<group>"; };
		631063ED2A46BB800037ACE9 /* Assets.xcassets */ = {isa = PBXFileReference; lastKnownFileType = folder.assetcatalog; path = Assets.xcassets; sourceTree = "<group>"; };
		631063F02A46BB800037ACE9 /* Base */ = {isa = PBXFileReference; lastKnownFileType = file.storyboard; name = Base; path = Base.lproj/LaunchScreen.storyboard; sourceTree = "<group>"; };
		631063F22A46BB800037ACE9 /* Info.plist */ = {isa = PBXFileReference; lastKnownFileType = text.plist.xml; path = Info.plist; sourceTree = "<group>"; };
		631063F92A46BDFB0037ACE9 /* StackViewOptions.swift */ = {isa = PBXFileReference; lastKnownFileType = sourcecode.swift; path = StackViewOptions.swift; sourceTree = "<group>"; };
		631063FB2A46BE7C0037ACE9 /* StackView.swift */ = {isa = PBXFileReference; lastKnownFileType = sourcecode.swift; path = StackView.swift; sourceTree = "<group>"; };
		631063FD2A46BEBE0037ACE9 /* MainView.swift */ = {isa = PBXFileReference; lastKnownFileType = sourcecode.swift; path = MainView.swift; sourceTree = "<group>"; };
		631063FF2A46C1220037ACE9 /* DataService.swift */ = {isa = PBXFileReference; lastKnownFileType = sourcecode.swift; path = DataService.swift; sourceTree = "<group>"; };
		631064022A46E2B60037ACE9 /* CurrencyModel.swift */ = {isa = PBXFileReference; lastKnownFileType = sourcecode.swift; path = CurrencyModel.swift; sourceTree = "<group>"; };
		631064042A46E3590037ACE9 /* ExchangeRates.swift */ = {isa = PBXFileReference; lastKnownFileType = sourcecode.swift; path = ExchangeRates.swift; sourceTree = "<group>"; };
		631064072A471F8D0037ACE9 /* ViewModel.swift */ = {isa = PBXFileReference; lastKnownFileType = sourcecode.swift; path = ViewModel.swift; sourceTree = "<group>"; };
		631064232A48884F0037ACE9 /* UIEdgeInsets+Extension.swift */ = {isa = PBXFileReference; lastKnownFileType = sourcecode.swift; path = "UIEdgeInsets+Extension.swift"; sourceTree = "<group>"; };
		631064252A4933030037ACE9 /* ThenExtension.swift */ = {isa = PBXFileReference; lastKnownFileType = sourcecode.swift; path = ThenExtension.swift; sourceTree = "<group>"; };
		631064272A49372A0037ACE9 /* AmountField.swift */ = {isa = PBXFileReference; lastKnownFileType = sourcecode.swift; path = AmountField.swift; sourceTree = "<group>"; };
		63E2F6AC2A4A875E007DC1E7 /* UIView+Embed_Extension.swift */ = {isa = PBXFileReference; lastKnownFileType = sourcecode.swift; path = "UIView+Embed_Extension.swift"; sourceTree = "<group>"; };
		63E2F6AE2A4A877C007DC1E7 /* NSLayoutConstraint_Extension.swift */ = {isa = PBXFileReference; lastKnownFileType = sourcecode.swift; path = NSLayoutConstraint_Extension.swift; sourceTree = "<group>"; };
		63E2F6B02A4AA677007DC1E7 /* CurrencyField.swift */ = {isa = PBXFileReference; lastKnownFileType = sourcecode.swift; path = CurrencyField.swift; sourceTree = "<group>"; };
		63E2F6B22A4ABB90007DC1E7 /* UIApplication_Extension.swift */ = {isa = PBXFileReference; lastKnownFileType = sourcecode.swift; path = UIApplication_Extension.swift; sourceTree = "<group>"; };
		63E2F6B42A4AE7DB007DC1E7 /* NumberFormatter_Extension.swift */ = {isa = PBXFileReference; lastKnownFileType = sourcecode.swift; path = NumberFormatter_Extension.swift; sourceTree = "<group>"; };
/* End PBXFileReference section */

/* Begin PBXFrameworksBuildPhase section */
		631063DE2A46BB7F0037ACE9 /* Frameworks */ = {
			isa = PBXFrameworksBuildPhase;
			buildActionMask = 2147483647;
			files = (
			);
			runOnlyForDeploymentPostprocessing = 0;
		};
/* End PBXFrameworksBuildPhase section */

/* Begin PBXGroup section */
		631063D82A46BB7F0037ACE9 = {
			isa = PBXGroup;
			children = (
				631063E32A46BB7F0037ACE9 /* Anor Bank Test */,
				631063E22A46BB7F0037ACE9 /* Products */,
			);
			sourceTree = "<group>";
		};
		631063E22A46BB7F0037ACE9 /* Products */ = {
			isa = PBXGroup;
			children = (
				631063E12A46BB7F0037ACE9 /* Anor Bank Test.app */,
			);
			name = Products;
			sourceTree = "<group>";
		};
		631063E32A46BB7F0037ACE9 /* Anor Bank Test */ = {
			isa = PBXGroup;
			children = (
				63E2F6AB2A4A8720007DC1E7 /* Extensions */,
				631064062A4719E80037ACE9 /* Services */,
				631064012A46E2AA0037ACE9 /* Models */,
				631063F82A46BDF20037ACE9 /* Components */,
				631063E42A46BB7F0037ACE9 /* AppDelegate.swift */,
				631063E82A46BB7F0037ACE9 /* ViewController.swift */,
				631064072A471F8D0037ACE9 /* ViewModel.swift */,
				631063FD2A46BEBE0037ACE9 /* MainView.swift */,
				631063ED2A46BB800037ACE9 /* Assets.xcassets */,
				631063EF2A46BB800037ACE9 /* LaunchScreen.storyboard */,
				631063F22A46BB800037ACE9 /* Info.plist */,
			);
			path = "Anor Bank Test";
			sourceTree = "<group>";
		};
		631063F82A46BDF20037ACE9 /* Components */ = {
			isa = PBXGroup;
			children = (
				631064272A49372A0037ACE9 /* AmountField.swift */,
				63E2F6B02A4AA677007DC1E7 /* CurrencyField.swift */,
			);
			path = Components;
			sourceTree = "<group>";
		};
		631064012A46E2AA0037ACE9 /* Models */ = {
			isa = PBXGroup;
			children = (
				631064022A46E2B60037ACE9 /* CurrencyModel.swift */,
				631064042A46E3590037ACE9 /* ExchangeRates.swift */,
			);
			path = Models;
			sourceTree = "<group>";
		};
		631064062A4719E80037ACE9 /* Services */ = {
			isa = PBXGroup;
			children = (
				631063FF2A46C1220037ACE9 /* DataService.swift */,
			);
			path = Services;
			sourceTree = "<group>";
		};
		63E2F6AB2A4A8720007DC1E7 /* Extensions */ = {
			isa = PBXGroup;
			children = (
				631063F92A46BDFB0037ACE9 /* StackViewOptions.swift */,
				631063FB2A46BE7C0037ACE9 /* StackView.swift */,
				631064232A48884F0037ACE9 /* UIEdgeInsets+Extension.swift */,
				631064252A4933030037ACE9 /* ThenExtension.swift */,
				63E2F6AC2A4A875E007DC1E7 /* UIView+Embed_Extension.swift */,
				63E2F6AE2A4A877C007DC1E7 /* NSLayoutConstraint_Extension.swift */,
				63E2F6B22A4ABB90007DC1E7 /* UIApplication_Extension.swift */,
				63E2F6B42A4AE7DB007DC1E7 /* NumberFormatter_Extension.swift */,
			);
			path = Extensions;
			sourceTree = "<group>";
		};
/* End PBXGroup section */

/* Begin PBXNativeTarget section */
		631063E02A46BB7F0037ACE9 /* Anor Bank Test */ = {
			isa = PBXNativeTarget;
			buildConfigurationList = 631063F52A46BB800037ACE9 /* Build configuration list for PBXNativeTarget "Anor Bank Test" */;
			buildPhases = (
				631063DD2A46BB7F0037ACE9 /* Sources */,
				631063DE2A46BB7F0037ACE9 /* Frameworks */,
				631063DF2A46BB7F0037ACE9 /* Resources */,
			);
			buildRules = (
			);
			dependencies = (
			);
			name = "Anor Bank Test";
			productName = "Anor Bank Test";
			productReference = 631063E12A46BB7F0037ACE9 /* Anor Bank Test.app */;
			productType = "com.apple.product-type.application";
		};
/* End PBXNativeTarget section */

/* Begin PBXProject section */
		631063D92A46BB7F0037ACE9 /* Project object */ = {
			isa = PBXProject;
			attributes = {
				BuildIndependentTargetsInParallel = 1;
				LastSwiftUpdateCheck = 1430;
				LastUpgradeCheck = 1430;
				TargetAttributes = {
					631063E02A46BB7F0037ACE9 = {
						CreatedOnToolsVersion = 14.3;
					};
				};
			};
			buildConfigurationList = 631063DC2A46BB7F0037ACE9 /* Build configuration list for PBXProject "Anor Bank Test" */;
			compatibilityVersion = "Xcode 14.0";
			developmentRegion = en;
			hasScannedForEncodings = 0;
			knownRegions = (
				en,
				Base,
			);
			mainGroup = 631063D82A46BB7F0037ACE9;
			productRefGroup = 631063E22A46BB7F0037ACE9 /* Products */;
			projectDirPath = "";
			projectRoot = "";
			targets = (
				631063E02A46BB7F0037ACE9 /* Anor Bank Test */,
			);
		};
/* End PBXProject section */

/* Begin PBXResourcesBuildPhase section */
		631063DF2A46BB7F0037ACE9 /* Resources */ = {
			isa = PBXResourcesBuildPhase;
			buildActionMask = 2147483647;
			files = (
				631063F12A46BB800037ACE9 /* LaunchScreen.storyboard in Resources */,
				631063EE2A46BB800037ACE9 /* Assets.xcassets in Resources */,
			);
			runOnlyForDeploymentPostprocessing = 0;
		};
/* End PBXResourcesBuildPhase section */

/* Begin PBXSourcesBuildPhase section */
		631063DD2A46BB7F0037ACE9 /* Sources */ = {
			isa = PBXSourcesBuildPhase;
			buildActionMask = 2147483647;
			files = (
				631064052A46E3590037ACE9 /* ExchangeRates.swift in Sources */,
				631064082A471F8D0037ACE9 /* ViewModel.swift in Sources */,
				63E2F6AD2A4A875E007DC1E7 /* UIView+Embed_Extension.swift in Sources */,
				63E2F6B12A4AA677007DC1E7 /* CurrencyField.swift in Sources */,
				631064032A46E2B60037ACE9 /* CurrencyModel.swift in Sources */,
				631063E92A46BB7F0037ACE9 /* ViewController.swift in Sources */,
				63E2F6B32A4ABB90007DC1E7 /* UIApplication_Extension.swift in Sources */,
				631063E52A46BB7F0037ACE9 /* AppDelegate.swift in Sources */,
				631063FE2A46BEBE0037ACE9 /* MainView.swift in Sources */,
				631064262A4933030037ACE9 /* ThenExtension.swift in Sources */,
				631064242A48884F0037ACE9 /* UIEdgeInsets+Extension.swift in Sources */,
				63E2F6B52A4AE7DB007DC1E7 /* NumberFormatter_Extension.swift in Sources */,
				63E2F6AF2A4A877C007DC1E7 /* NSLayoutConstraint_Extension.swift in Sources */,
				631064002A46C1220037ACE9 /* DataService.swift in Sources */,
				631063FA2A46BDFB0037ACE9 /* StackViewOptions.swift in Sources */,
				631063FC2A46BE7C0037ACE9 /* StackView.swift in Sources */,
				631064282A49372A0037ACE9 /* AmountField.swift in Sources */,
			);
			runOnlyForDeploymentPostprocessing = 0;
		};
/* End PBXSourcesBuildPhase section */

/* Begin PBXVariantGroup section */
		631063EF2A46BB800037ACE9 /* LaunchScreen.storyboard */ = {
			isa = PBXVariantGroup;
			children = (
				631063F02A46BB800037ACE9 /* Base */,
			);
			name = LaunchScreen.storyboard;
			sourceTree = "<group>";
		};
/* End PBXVariantGroup section */

/* Begin XCBuildConfiguration section */
		631063F32A46BB800037ACE9 /* Debug */ = {
			isa = XCBuildConfiguration;
			buildSettings = {
				ALWAYS_SEARCH_USER_PATHS = NO;
				CLANG_ANALYZER_NONNULL = YES;
				CLANG_ANALYZER_NUMBER_OBJECT_CONVERSION = YES_AGGRESSIVE;
				CLANG_CXX_LANGUAGE_STANDARD = "gnu++20";
				CLANG_ENABLE_MODULES = YES;
				CLANG_ENABLE_OBJC_ARC = YES;
				CLANG_ENABLE_OBJC_WEAK = YES;
				CLANG_WARN_BLOCK_CAPTURE_AUTORELEASING = YES;
				CLANG_WARN_BOOL_CONVERSION = YES;
				CLANG_WARN_COMMA = YES;
				CLANG_WARN_CONSTANT_CONVERSION = YES;
				CLANG_WARN_DEPRECATED_OBJC_IMPLEMENTATIONS = YES;
				CLANG_WARN_DIRECT_OBJC_ISA_USAGE = YES_ERROR;
				CLANG_WARN_DOCUMENTATION_COMMENTS = YES;
				CLANG_WARN_EMPTY_BODY = YES;
				CLANG_WARN_ENUM_CONVERSION = YES;
				CLANG_WARN_INFINITE_RECURSION = YES;
				CLANG_WARN_INT_CONVERSION = YES;
				CLANG_WARN_NON_LITERAL_NULL_CONVERSION = YES;
				CLANG_WARN_OBJC_IMPLICIT_RETAIN_SELF = YES;
				CLANG_WARN_OBJC_LITERAL_CONVERSION = YES;
				CLANG_WARN_OBJC_ROOT_CLASS = YES_ERROR;
				CLANG_WARN_QUOTED_INCLUDE_IN_FRAMEWORK_HEADER = YES;
				CLANG_WARN_RANGE_LOOP_ANALYSIS = YES;
				CLANG_WARN_STRICT_PROTOTYPES = YES;
				CLANG_WARN_SUSPICIOUS_MOVE = YES;
				CLANG_WARN_UNGUARDED_AVAILABILITY = YES_AGGRESSIVE;
				CLANG_WARN_UNREACHABLE_CODE = YES;
				CLANG_WARN__DUPLICATE_METHOD_MATCH = YES;
				COPY_PHASE_STRIP = NO;
				DEBUG_INFORMATION_FORMAT = dwarf;
				ENABLE_STRICT_OBJC_MSGSEND = YES;
				ENABLE_TESTABILITY = YES;
				GCC_C_LANGUAGE_STANDARD = gnu11;
				GCC_DYNAMIC_NO_PIC = NO;
				GCC_NO_COMMON_BLOCKS = YES;
				GCC_OPTIMIZATION_LEVEL = 0;
				GCC_PREPROCESSOR_DEFINITIONS = (
					"DEBUG=1",
					"$(inherited)",
				);
				GCC_WARN_64_TO_32_BIT_CONVERSION = YES;
				GCC_WARN_ABOUT_RETURN_TYPE = YES_ERROR;
				GCC_WARN_UNDECLARED_SELECTOR = YES;
				GCC_WARN_UNINITIALIZED_AUTOS = YES_AGGRESSIVE;
				GCC_WARN_UNUSED_FUNCTION = YES;
				GCC_WARN_UNUSED_VARIABLE = YES;
				IPHONEOS_DEPLOYMENT_TARGET = 13.0;
				MTL_ENABLE_DEBUG_INFO = INCLUDE_SOURCE;
				MTL_FAST_MATH = YES;
				ONLY_ACTIVE_ARCH = YES;
				SDKROOT = iphoneos;
				SWIFT_ACTIVE_COMPILATION_CONDITIONS = DEBUG;
				SWIFT_OPTIMIZATION_LEVEL = "-Onone";
			};
			name = Debug;
		};
		631063F42A46BB800037ACE9 /* Release */ = {
			isa = XCBuildConfiguration;
			buildSettings = {
				ALWAYS_SEARCH_USER_PATHS = NO;
				CLANG_ANALYZER_NONNULL = YES;
				CLANG_ANALYZER_NUMBER_OBJECT_CONVERSION = YES_AGGRESSIVE;
				CLANG_CXX_LANGUAGE_STANDARD = "gnu++20";
				CLANG_ENABLE_MODULES = YES;
				CLANG_ENABLE_OBJC_ARC = YES;
				CLANG_ENABLE_OBJC_WEAK = YES;
				CLANG_WARN_BLOCK_CAPTURE_AUTORELEASING = YES;
				CLANG_WARN_BOOL_CONVERSION = YES;
				CLANG_WARN_COMMA = YES;
				CLANG_WARN_CONSTANT_CONVERSION = YES;
				CLANG_WARN_DEPRECATED_OBJC_IMPLEMENTATIONS = YES;
				CLANG_WARN_DIRECT_OBJC_ISA_USAGE = YES_ERROR;
				CLANG_WARN_DOCUMENTATION_COMMENTS = YES;
				CLANG_WARN_EMPTY_BODY = YES;
				CLANG_WARN_ENUM_CONVERSION = YES;
				CLANG_WARN_INFINITE_RECURSION = YES;
				CLANG_WARN_INT_CONVERSION = YES;
				CLANG_WARN_NON_LITERAL_NULL_CONVERSION = YES;
				CLANG_WARN_OBJC_IMPLICIT_RETAIN_SELF = YES;
				CLANG_WARN_OBJC_LITERAL_CONVERSION = YES;
				CLANG_WARN_OBJC_ROOT_CLASS = YES_ERROR;
				CLANG_WARN_QUOTED_INCLUDE_IN_FRAMEWORK_HEADER = YES;
				CLANG_WARN_RANGE_LOOP_ANALYSIS = YES;
				CLANG_WARN_STRICT_PROTOTYPES = YES;
				CLANG_WARN_SUSPICIOUS_MOVE = YES;
				CLANG_WARN_UNGUARDED_AVAILABILITY = YES_AGGRESSIVE;
				CLANG_WARN_UNREACHABLE_CODE = YES;
				CLANG_WARN__DUPLICATE_METHOD_MATCH = YES;
				COPY_PHASE_STRIP = NO;
				DEBUG_INFORMATION_FORMAT = "dwarf-with-dsym";
				ENABLE_NS_ASSERTIONS = NO;
				ENABLE_STRICT_OBJC_MSGSEND = YES;
				GCC_C_LANGUAGE_STANDARD = gnu11;
				GCC_NO_COMMON_BLOCKS = YES;
				GCC_WARN_64_TO_32_BIT_CONVERSION = YES;
				GCC_WARN_ABOUT_RETURN_TYPE = YES_ERROR;
				GCC_WARN_UNDECLARED_SELECTOR = YES;
				GCC_WARN_UNINITIALIZED_AUTOS = YES_AGGRESSIVE;
				GCC_WARN_UNUSED_FUNCTION = YES;
				GCC_WARN_UNUSED_VARIABLE = YES;
				IPHONEOS_DEPLOYMENT_TARGET = 13.0;
				MTL_ENABLE_DEBUG_INFO = NO;
				MTL_FAST_MATH = YES;
				SDKROOT = iphoneos;
				SWIFT_COMPILATION_MODE = wholemodule;
				SWIFT_OPTIMIZATION_LEVEL = "-O";
				VALIDATE_PRODUCT = YES;
			};
			name = Release;
		};
		631063F62A46BB800037ACE9 /* Debug */ = {
			isa = XCBuildConfiguration;
			buildSettings = {
				ASSETCATALOG_COMPILER_APPICON_NAME = AppIcon;
				ASSETCATALOG_COMPILER_GLOBAL_ACCENT_COLOR_NAME = AccentColor;
				CODE_SIGN_STYLE = Automatic;
				CURRENT_PROJECT_VERSION = 1;
				GENERATE_INFOPLIST_FILE = YES;
				INFOPLIST_FILE = "Anor Bank Test/Info.plist";
				INFOPLIST_KEY_UIApplicationSupportsIndirectInputEvents = YES;
				INFOPLIST_KEY_UILaunchStoryboardName = LaunchScreen.storyboard;
				INFOPLIST_KEY_UISupportedInterfaceOrientations_iPad = "UIInterfaceOrientationPortrait UIInterfaceOrientationPortraitUpsideDown UIInterfaceOrientationLandscapeLeft UIInterfaceOrientationLandscapeRight";
				INFOPLIST_KEY_UISupportedInterfaceOrientations_iPhone = "UIInterfaceOrientationPortrait UIInterfaceOrientationLandscapeLeft UIInterfaceOrientationLandscapeRight";
				IPHONEOS_DEPLOYMENT_TARGET = 13.0;
				LD_RUNPATH_SEARCH_PATHS = (
					"$(inherited)",
					"@executable_path/Frameworks",
				);
				MARKETING_VERSION = 1.0;
				PRODUCT_BUNDLE_IDENTIFIER = "UzumBank.Anor-Bank-Test";
				PRODUCT_NAME = "$(TARGET_NAME)";
				SWIFT_EMIT_LOC_STRINGS = YES;
				SWIFT_VERSION = 5.0;
				TARGETED_DEVICE_FAMILY = "1,2";
			};
			name = Debug;
		};
		631063F72A46BB800037ACE9 /* Release */ = {
			isa = XCBuildConfiguration;
			buildSettings = {
				ASSETCATALOG_COMPILER_APPICON_NAME = AppIcon;
				ASSETCATALOG_COMPILER_GLOBAL_ACCENT_COLOR_NAME = AccentColor;
				CODE_SIGN_STYLE = Automatic;
				CURRENT_PROJECT_VERSION = 1;
				GENERATE_INFOPLIST_FILE = YES;
				INFOPLIST_FILE = "Anor Bank Test/Info.plist";
				INFOPLIST_KEY_UIApplicationSupportsIndirectInputEvents = YES;
				INFOPLIST_KEY_UILaunchStoryboardName = LaunchScreen.storyboard;
				INFOPLIST_KEY_UISupportedInterfaceOrientations_iPad = "UIInterfaceOrientationPortrait UIInterfaceOrientationPortraitUpsideDown UIInterfaceOrientationLandscapeLeft UIInterfaceOrientationLandscapeRight";
				INFOPLIST_KEY_UISupportedInterfaceOrientations_iPhone = "UIInterfaceOrientationPortrait UIInterfaceOrientationLandscapeLeft UIInterfaceOrientationLandscapeRight";
				IPHONEOS_DEPLOYMENT_TARGET = 13.0;
				LD_RUNPATH_SEARCH_PATHS = (
					"$(inherited)",
					"@executable_path/Frameworks",
				);
				MARKETING_VERSION = 1.0;
				PRODUCT_BUNDLE_IDENTIFIER = "UzumBank.Anor-Bank-Test";
				PRODUCT_NAME = "$(TARGET_NAME)";
				SWIFT_EMIT_LOC_STRINGS = YES;
				SWIFT_VERSION = 5.0;
				TARGETED_DEVICE_FAMILY = "1,2";
			};
			name = Release;
		};
/* End XCBuildConfiguration section */

/* Begin XCConfigurationList section */
		631063DC2A46BB7F0037ACE9 /* Build configuration list for PBXProject "Anor Bank Test" */ = {
			isa = XCConfigurationList;
			buildConfigurations = (
				631063F32A46BB800037ACE9 /* Debug */,
				631063F42A46BB800037ACE9 /* Release */,
			);
			defaultConfigurationIsVisible = 0;
			defaultConfigurationName = Release;
		};
		631063F52A46BB800037ACE9 /* Build configuration list for PBXNativeTarget "Anor Bank Test" */ = {
			isa = XCConfigurationList;
			buildConfigurations = (
				631063F62A46BB800037ACE9 /* Debug */,
				631063F72A46BB800037ACE9 /* Release */,
			);
			defaultConfigurationIsVisible = 0;
			defaultConfigurationName = Release;
		};
/* End XCConfigurationList section */
	};
	rootObject = 631063D92A46BB7F0037ACE9 /* Project object */;
}
